
Microsoft Visual Studio Solution File, Format Version 12.00
Project("{FAE04EC0-301F-11D3-BF4B-00C04F79EFBC}") = "veterinariaCrud", "veterinariaCrud\veterinariaCrud.csproj", "{6570E862-FD53-47C7-BBF8-A2CB8834D8A6}"
EndProject
Global
	GlobalSection(SolutionConfigurationPlatforms) = preSolution
		Debug|Any CPU = Debug|Any CPU
		Release|Any CPU = Release|Any CPU
	EndGlobalSection
	GlobalSection(ProjectConfigurationPlatforms) = postSolution
		{6570E862-FD53-47C7-BBF8-A2CB8834D8A6}.Debug|Any CPU.ActiveCfg = Debug|Any CPU
		{6570E862-FD53-47C7-BBF8-A2CB8834D8A6}.Debug|Any CPU.Build.0 = Debug|Any CPU
		{6570E862-FD53-47C7-BBF8-A2CB8834D8A6}.Release|Any CPU.ActiveCfg = Release|Any CPU
		{6570E862-FD53-47C7-BBF8-A2CB8834D8A6}.Release|Any CPU.Build.0 = Release|Any CPU
	EndGlobalSection
EndGlobal
